
Microsoft Visual Studio Solution File, Format Version 12.00
# Visual Studio 2012
Project("{FAE04EC0-301F-11D3-BF4B-00C04F79EFBC}") = "MasterDetail", "MasterDetail\MasterDetail.csproj", "{60526DD4-D90D-415B-BE05-A7ABDDDDF2A7}"
EndProject
Project("{FAE04EC0-301F-11D3-BF4B-00C04F79EFBC}") = "MasterDetail.iOS", "iOS\MasterDetail.iOS.csproj", "{5C2DBD7E-7CDB-4064-8135-243291C47886}"
EndProject
Project("{FAE04EC0-301F-11D3-BF4B-00C04F79EFBC}") = "MasterDetail.Droid", "Droid\MasterDetail.Droid.csproj", "{EB504F4E-A2A3-437B-BFDD-0504CEC021E1}"
EndProject
Project("{FAE04EC0-301F-11D3-BF4B-00C04F79EFBC}") = "MasterDetail.UITests", "UITests\MasterDetail.UITests.csproj", "{CF132B9B-71B9-47D3-9557-BA60035C4C82}"
EndProject
Global
	GlobalSection(SolutionConfigurationPlatforms) = preSolution
		Debug|Any CPU = Debug|Any CPU
		Release|Any CPU = Release|Any CPU
		Debug|iPhoneSimulator = Debug|iPhoneSimulator
		Release|iPhone = Release|iPhone
		Release|iPhoneSimulator = Release|iPhoneSimulator
		Debug|iPhone = Debug|iPhone
	EndGlobalSection
	GlobalSection(ProjectConfigurationPlatforms) = postSolution
		{5C2DBD7E-7CDB-4064-8135-243291C47886}.Debug|Any CPU.ActiveCfg = Debug|iPhoneSimulator
		{5C2DBD7E-7CDB-4064-8135-243291C47886}.Debug|Any CPU.Build.0 = Debug|iPhoneSimulator
		{5C2DBD7E-7CDB-4064-8135-243291C47886}.Debug|iPhone.ActiveCfg = Debug|iPhone
		{5C2DBD7E-7CDB-4064-8135-243291C47886}.Debug|iPhone.Build.0 = Debug|iPhone
		{5C2DBD7E-7CDB-4064-8135-243291C47886}.Debug|iPhoneSimulator.ActiveCfg = Debug|iPhoneSimulator
		{5C2DBD7E-7CDB-4064-8135-243291C47886}.Debug|iPhoneSimulator.Build.0 = Debug|iPhoneSimulator
		{5C2DBD7E-7CDB-4064-8135-243291C47886}.Release|Any CPU.ActiveCfg = Release|iPhone
		{5C2DBD7E-7CDB-4064-8135-243291C47886}.Release|Any CPU.Build.0 = Release|iPhone
		{5C2DBD7E-7CDB-4064-8135-243291C47886}.Release|iPhone.ActiveCfg = Release|iPhone
		{5C2DBD7E-7CDB-4064-8135-243291C47886}.Release|iPhone.Build.0 = Release|iPhone
		{5C2DBD7E-7CDB-4064-8135-243291C47886}.Release|iPhoneSimulator.ActiveCfg = Release|iPhoneSimulator
		{5C2DBD7E-7CDB-4064-8135-243291C47886}.Release|iPhoneSimulator.Build.0 = Release|iPhoneSimulator
		{60526DD4-D90D-415B-BE05-A7ABDDDDF2A7}.Debug|Any CPU.ActiveCfg = Debug|Any CPU
		{60526DD4-D90D-415B-BE05-A7ABDDDDF2A7}.Debug|Any CPU.Build.0 = Debug|Any CPU
		{60526DD4-D90D-415B-BE05-A7ABDDDDF2A7}.Debug|iPhone.ActiveCfg = Debug|Any CPU
		{60526DD4-D90D-415B-BE05-A7ABDDDDF2A7}.Debug|iPhone.Build.0 = Debug|Any CPU
		{60526DD4-D90D-415B-BE05-A7ABDDDDF2A7}.Debug|iPhoneSimulator.ActiveCfg = Debug|Any CPU
		{60526DD4-D90D-415B-BE05-A7ABDDDDF2A7}.Debug|iPhoneSimulator.Build.0 = Debug|Any CPU
		{60526DD4-D90D-415B-BE05-A7ABDDDDF2A7}.Release|Any CPU.ActiveCfg = Release|Any CPU
		{60526DD4-D90D-415B-BE05-A7ABDDDDF2A7}.Release|Any CPU.Build.0 = Release|Any CPU
		{60526DD4-D90D-415B-BE05-A7ABDDDDF2A7}.Release|iPhone.ActiveCfg = Release|Any CPU
		{60526DD4-D90D-415B-BE05-A7ABDDDDF2A7}.Release|iPhone.Build.0 = Release|Any CPU
		{60526DD4-D90D-415B-BE05-A7ABDDDDF2A7}.Release|iPhoneSimulator.ActiveCfg = Release|Any CPU
		{60526DD4-D90D-415B-BE05-A7ABDDDDF2A7}.Release|iPhoneSimulator.Build.0 = Release|Any CPU
		{CF132B9B-71B9-47D3-9557-BA60035C4C82}.Debug|Any CPU.ActiveCfg = Debug|Any CPU
		{CF132B9B-71B9-47D3-9557-BA60035C4C82}.Debug|Any CPU.Build.0 = Debug|Any CPU
		{CF132B9B-71B9-47D3-9557-BA60035C4C82}.Debug|iPhone.ActiveCfg = Debug|Any CPU
		{CF132B9B-71B9-47D3-9557-BA60035C4C82}.Debug|iPhone.Build.0 = Debug|Any CPU
		{CF132B9B-71B9-47D3-9557-BA60035C4C82}.Debug|iPhoneSimulator.ActiveCfg = Debug|Any CPU
		{CF132B9B-71B9-47D3-9557-BA60035C4C82}.Debug|iPhoneSimulator.Build.0 = Debug|Any CPU
		{CF132B9B-71B9-47D3-9557-BA60035C4C82}.Release|Any CPU.ActiveCfg = Release|Any CPU
		{CF132B9B-71B9-47D3-9557-BA60035C4C82}.Release|Any CPU.Build.0 = Release|Any CPU
		{CF132B9B-71B9-47D3-9557-BA60035C4C82}.Release|iPhone.ActiveCfg = Release|Any CPU
		{CF132B9B-71B9-47D3-9557-BA60035C4C82}.Release|iPhone.Build.0 = Release|Any CPU
		{CF132B9B-71B9-47D3-9557-BA60035C4C82}.Release|iPhoneSimulator.ActiveCfg = Release|Any CPU
		{CF132B9B-71B9-47D3-9557-BA60035C4C82}.Release|iPhoneSimulator.Build.0 = Release|Any CPU
		{EB504F4E-A2A3-437B-BFDD-0504CEC021E1}.Debug|Any CPU.ActiveCfg = Debug|Any CPU
		{EB504F4E-A2A3-437B-BFDD-0504CEC021E1}.Debug|Any CPU.Build.0 = Debug|Any CPU
		{EB504F4E-A2A3-437B-BFDD-0504CEC021E1}.Debug|iPhone.ActiveCfg = Debug|Any CPU
		{EB504F4E-A2A3-437B-BFDD-0504CEC021E1}.Debug|iPhone.Build.0 = Debug|Any CPU
		{EB504F4E-A2A3-437B-BFDD-0504CEC021E1}.Debug|iPhoneSimulator.ActiveCfg = Debug|Any CPU
		{EB504F4E-A2A3-437B-BFDD-0504CEC021E1}.Debug|iPhoneSimulator.Build.0 = Debug|Any CPU
		{EB504F4E-A2A3-437B-BFDD-0504CEC021E1}.Release|Any CPU.ActiveCfg = Release|Any CPU
		{EB504F4E-A2A3-437B-BFDD-0504CEC021E1}.Release|Any CPU.Build.0 = Release|Any CPU
		{EB504F4E-A2A3-437B-BFDD-0504CEC021E1}.Release|iPhone.ActiveCfg = Release|Any CPU
		{EB504F4E-A2A3-437B-BFDD-0504CEC021E1}.Release|iPhone.Build.0 = Release|Any CPU
		{EB504F4E-A2A3-437B-BFDD-0504CEC021E1}.Release|iPhoneSimulator.ActiveCfg = Release|Any CPU
		{EB504F4E-A2A3-437B-BFDD-0504CEC021E1}.Release|iPhoneSimulator.Build.0 = Release|Any CPU
	EndGlobalSection
EndGlobal
